
Microsoft Visual Studio Solution File, Format Version 12.00
# Visual Studio 15
VisualStudioVersion = 15.0.27130.2036
MinimumVisualStudioVersion = 10.0.40219.1
Project("{FAE04EC0-301F-11D3-BF4B-00C04F79EFBC}") = "DeckLanguageAddIn", "Powerpoint Deck Language\DeckLanguageAddIn.csproj", "{FEFCDE63-BF48-47A5-9AAE-A8A99E6E7A8B}"
EndProject
Global
	GlobalSection(SolutionConfigurationPlatforms) = preSolution
		Debug|Any CPU = Debug|Any CPU
		Release|Any CPU = Release|Any CPU
	EndGlobalSection
	GlobalSection(ProjectConfigurationPlatforms) = postSolution
		{FEFCDE63-BF48-47A5-9AAE-A8A99E6E7A8B}.Debug|Any CPU.ActiveCfg = Debug|Any CPU
		{FEFCDE63-BF48-47A5-9AAE-A8A99E6E7A8B}.Debug|Any CPU.Build.0 = Debug|Any CPU
		{FEFCDE63-BF48-47A5-9AAE-A8A99E6E7A8B}.Release|Any CPU.ActiveCfg = Release|Any CPU
		{FEFCDE63-BF48-47A5-9AAE-A8A99E6E7A8B}.Release|Any CPU.Build.0 = Release|Any CPU
	EndGlobalSection
	GlobalSection(SolutionProperties) = preSolution
		HideSolutionNode = FALSE
	EndGlobalSection
	GlobalSection(ExtensibilityGlobals) = postSolution
		SolutionGuid = {46581059-B8FD-478F-B589-5695C7A5D478}
	EndGlobalSection
EndGlobal
